
Microsoft Visual Studio Solution File, Format Version 12.00
# Visual Studio Version 17
VisualStudioVersion = 17.10.35122.118
MinimumVisualStudioVersion = 10.0.40219.1
Project("{FAE04EC0-301F-11D3-BF4B-00C04F79EFBC}") = "LatihanGithub", "LatihanGithub\LatihanGithub.csproj", "{E5BFC4B2-8742-4F03-A636-452664E4895B}"
EndProject
Global
	GlobalSection(SolutionConfigurationPlatforms) = preSolution
		Debug|Any CPU = Debug|Any CPU
		Release|Any CPU = Release|Any CPU
	EndGlobalSection
	GlobalSection(ProjectConfigurationPlatforms) = postSolution
		{E5BFC4B2-8742-4F03-A636-452664E4895B}.Debug|Any CPU.ActiveCfg = Debug|Any CPU
		{E5BFC4B2-8742-4F03-A636-452664E4895B}.Debug|Any CPU.Build.0 = Debug|Any CPU
		{E5BFC4B2-8742-4F03-A636-452664E4895B}.Release|Any CPU.ActiveCfg = Release|Any CPU
		{E5BFC4B2-8742-4F03-A636-452664E4895B}.Release|Any CPU.Build.0 = Release|Any CPU
	EndGlobalSection
	GlobalSection(SolutionProperties) = preSolution
		HideSolutionNode = FALSE
	EndGlobalSection
	GlobalSection(ExtensibilityGlobals) = postSolution
		SolutionGuid = {721A90BC-7639-4FA4-BBC8-C721FE009208}
	EndGlobalSection
EndGlobal
